// !$*UTF8*$!
{
	archiveVersion = 1;
	classes = {
	};
	objectVersion = 50;
	objects = {

/* Begin PBXBuildFile section */
		25A4B8D06918797F4E1D0167 /* Pods_CapitalSocial.framework in Frameworks */ = {isa = PBXBuildFile; fileRef = 1D9E26EF644C6C896A580E9C /* Pods_CapitalSocial.framework */; };
		71A7EC1221915CA60056AB9D /* UserRouter.swift in Sources */ = {isa = PBXBuildFile; fileRef = 71A7EC0E21915CA50056AB9D /* UserRouter.swift */; };
		71A7EC1321915CA60056AB9D /* Router.swift in Sources */ = {isa = PBXBuildFile; fileRef = 71A7EC0F21915CA50056AB9D /* Router.swift */; };
		71A7EC1421915CA60056AB9D /* CSAPI+UserRouter.swift in Sources */ = {isa = PBXBuildFile; fileRef = 71A7EC1021915CA50056AB9D /* CSAPI+UserRouter.swift */; };
		71A7EC1521915CA60056AB9D /* CSAPI.swift in Sources */ = {isa = PBXBuildFile; fileRef = 71A7EC1121915CA50056AB9D /* CSAPI.swift */; };
		71A7EC17219160BD0056AB9D /* LoginViewModel.swift in Sources */ = {isa = PBXBuildFile; fileRef = 71A7EC16219160BD0056AB9D /* LoginViewModel.swift */; };
		71A7EC21219166540056AB9D /* BaseProtocol.swift in Sources */ = {isa = PBXBuildFile; fileRef = 71A7EC20219166540056AB9D /* BaseProtocol.swift */; };
		71A7EC28219167130056AB9D /* GenericMaskView.swift in Sources */ = {isa = PBXBuildFile; fileRef = 71A7EC24219167130056AB9D /* GenericMaskView.swift */; };
		71A7EC29219167130056AB9D /* InformerView.swift in Sources */ = {isa = PBXBuildFile; fileRef = 71A7EC25219167130056AB9D /* InformerView.swift */; };
		71A7EC2A219167130056AB9D /* CSPickerDate.swift in Sources */ = {isa = PBXBuildFile; fileRef = 71A7EC26219167130056AB9D /* CSPickerDate.swift */; };
		71A7EC2B219167130056AB9D /* CSLoader.swift in Sources */ = {isa = PBXBuildFile; fileRef = 71A7EC27219167130056AB9D /* CSLoader.swift */; };
		71A7EC2D2191672E0056AB9D /* GenericMaskView.xib in Resources */ = {isa = PBXBuildFile; fileRef = 71A7EC2C2191672E0056AB9D /* GenericMaskView.xib */; };
		71A7EC30219178590056AB9D /* PromotionsViewModel.swift in Sources */ = {isa = PBXBuildFile; fileRef = 71A7EC2F219178590056AB9D /* PromotionsViewModel.swift */; };
		71A7EC32219178A60056AB9D /* PromotionsCollectionViewController.swift in Sources */ = {isa = PBXBuildFile; fileRef = 71A7EC31219178A60056AB9D /* PromotionsCollectionViewController.swift */; };
		71A7EC352191799E0056AB9D /* Login.swift in Sources */ = {isa = PBXBuildFile; fileRef = 71A7EC342191799E0056AB9D /* Login.swift */; };
		71A7EC3A219179DB0056AB9D /* Promotions.swift in Sources */ = {isa = PBXBuildFile; fileRef = 71A7EC39219179DB0056AB9D /* Promotions.swift */; };
		71A7EC3D21917C960056AB9D /* PromotionsCollectionViewCell.swift in Sources */ = {isa = PBXBuildFile; fileRef = 71A7EC3B21917C960056AB9D /* PromotionsCollectionViewCell.swift */; };
		71A7EC3E21917C960056AB9D /* PromotionsCollectionViewCell.xib in Resources */ = {isa = PBXBuildFile; fileRef = 71A7EC3C21917C960056AB9D /* PromotionsCollectionViewCell.xib */; };
		71A7EC40219181040056AB9D /* PromotionsNavigationController.swift in Sources */ = {isa = PBXBuildFile; fileRef = 71A7EC3F219181040056AB9D /* PromotionsNavigationController.swift */; };
		71A94B462191862F00F8094F /* MapViewController.swift in Sources */ = {isa = PBXBuildFile; fileRef = 71A94B452191862F00F8094F /* MapViewController.swift */; };
		71A94B4B219188D300F8094F /* PromotionsDetailViewController.swift in Sources */ = {isa = PBXBuildFile; fileRef = 71A94B4A219188D300F8094F /* PromotionsDetailViewController.swift */; };
		71C9872A21910F3A00891C7A /* AppDelegate.swift in Sources */ = {isa = PBXBuildFile; fileRef = 71C9872921910F3A00891C7A /* AppDelegate.swift */; };
		71C9872C21910F3A00891C7A /* ViewController.swift in Sources */ = {isa = PBXBuildFile; fileRef = 71C9872B21910F3A00891C7A /* ViewController.swift */; };
		71C9872F21910F3A00891C7A /* Main.storyboard in Resources */ = {isa = PBXBuildFile; fileRef = 71C9872D21910F3A00891C7A /* Main.storyboard */; };
		71C9873121910F4200891C7A /* Assets.xcassets in Resources */ = {isa = PBXBuildFile; fileRef = 71C9873021910F4200891C7A /* Assets.xcassets */; };
		71C9873421910F4200891C7A /* LaunchScreen.storyboard in Resources */ = {isa = PBXBuildFile; fileRef = 71C9873221910F4200891C7A /* LaunchScreen.storyboard */; };
		71C987412191133100891C7A /* CSError.swift in Sources */ = {isa = PBXBuildFile; fileRef = 71C987402191133100891C7A /* CSError.swift */; };
		71C98745219113A500891C7A /* CSColor.swift in Sources */ = {isa = PBXBuildFile; fileRef = 71C98743219113A500891C7A /* CSColor.swift */; };
		71C98746219113A500891C7A /* BCString.swift in Sources */ = {isa = PBXBuildFile; fileRef = 71C98744219113A500891C7A /* BCString.swift */; };
		71C9874821911A5200891C7A /* CSConstants.swift in Sources */ = {isa = PBXBuildFile; fileRef = 71C9874721911A5200891C7A /* CSConstants.swift */; };
		71C9874D21911B4700891C7A /* Date.swift in Sources */ = {isa = PBXBuildFile; fileRef = 71C9874A21911B4700891C7A /* Date.swift */; };
		71C9874E21911B4700891C7A /* UIView.swift in Sources */ = {isa = PBXBuildFile; fileRef = 71C9874B21911B4700891C7A /* UIView.swift */; };
		71C9874F21911B4700891C7A /* Storyboard.swift in Sources */ = {isa = PBXBuildFile; fileRef = 71C9874C21911B4700891C7A /* Storyboard.swift */; };
		71C9875121911BFB00891C7A /* LoginViewViewController.swift in Sources */ = {isa = PBXBuildFile; fileRef = 71C9875021911BFB00891C7A /* LoginViewViewController.swift */; };
/* End PBXBuildFile section */

/* Begin PBXFileReference section */
		1D9E26EF644C6C896A580E9C /* Pods_CapitalSocial.framework */ = {isa = PBXFileReference; explicitFileType = wrapper.framework; includeInIndex = 0; path = Pods_CapitalSocial.framework; sourceTree = BUILT_PRODUCTS_DIR; };
		2052F94A23A0D77FB394F6C8 /* Pods-CapitalSocial.debug.xcconfig */ = {isa = PBXFileReference; includeInIndex = 1; lastKnownFileType = text.xcconfig; name = "Pods-CapitalSocial.debug.xcconfig"; path = "Pods/Target Support Files/Pods-CapitalSocial/Pods-CapitalSocial.debug.xcconfig"; sourceTree = "<group>"; };
		4A6AFEE579BA5903CF1A4E0C /* Pods-CapitalSocial.release.xcconfig */ = {isa = PBXFileReference; includeInIndex = 1; lastKnownFileType = text.xcconfig; name = "Pods-CapitalSocial.release.xcconfig"; path = "Pods/Target Support Files/Pods-CapitalSocial/Pods-CapitalSocial.release.xcconfig"; sourceTree = "<group>"; };
		71A7EC0E21915CA50056AB9D /* UserRouter.swift */ = {isa = PBXFileReference; fileEncoding = 4; lastKnownFileType = sourcecode.swift; path = UserRouter.swift; sourceTree = "<group>"; };
		71A7EC0F21915CA50056AB9D /* Router.swift */ = {isa = PBXFileReference; fileEncoding = 4; lastKnownFileType = sourcecode.swift; path = Router.swift; sourceTree = "<group>"; };
		71A7EC1021915CA50056AB9D /* CSAPI+UserRouter.swift */ = {isa = PBXFileReference; fileEncoding = 4; lastKnownFileType = sourcecode.swift; path = "CSAPI+UserRouter.swift"; sourceTree = "<group>"; };
		71A7EC1121915CA50056AB9D /* CSAPI.swift */ = {isa = PBXFileReference; fileEncoding = 4; lastKnownFileType = sourcecode.swift; path = CSAPI.swift; sourceTree = "<group>"; };
		71A7EC16219160BD0056AB9D /* LoginViewModel.swift */ = {isa = PBXFileReference; lastKnownFileType = sourcecode.swift; path = LoginViewModel.swift; sourceTree = "<group>"; };
		71A7EC20219166540056AB9D /* BaseProtocol.swift */ = {isa = PBXFileReference; lastKnownFileType = sourcecode.swift; path = BaseProtocol.swift; sourceTree = "<group>"; };
		71A7EC24219167130056AB9D /* GenericMaskView.swift */ = {isa = PBXFileReference; fileEncoding = 4; lastKnownFileType = sourcecode.swift; path = GenericMaskView.swift; sourceTree = "<group>"; };
		71A7EC25219167130056AB9D /* InformerView.swift */ = {isa = PBXFileReference; fileEncoding = 4; lastKnownFileType = sourcecode.swift; path = InformerView.swift; sourceTree = "<group>"; };
		71A7EC26219167130056AB9D /* CSPickerDate.swift */ = {isa = PBXFileReference; fileEncoding = 4; lastKnownFileType = sourcecode.swift; path = CSPickerDate.swift; sourceTree = "<group>"; };
		71A7EC27219167130056AB9D /* CSLoader.swift */ = {isa = PBXFileReference; fileEncoding = 4; lastKnownFileType = sourcecode.swift; path = CSLoader.swift; sourceTree = "<group>"; };
		71A7EC2C2191672E0056AB9D /* GenericMaskView.xib */ = {isa = PBXFileReference; fileEncoding = 4; lastKnownFileType = file.xib; path = GenericMaskView.xib; sourceTree = "<group>"; };
		71A7EC2F219178590056AB9D /* PromotionsViewModel.swift */ = {isa = PBXFileReference; lastKnownFileType = sourcecode.swift; path = PromotionsViewModel.swift; sourceTree = "<group>"; };
		71A7EC31219178A60056AB9D /* PromotionsCollectionViewController.swift */ = {isa = PBXFileReference; lastKnownFileType = sourcecode.swift; path = PromotionsCollectionViewController.swift; sourceTree = "<group>"; };
		71A7EC342191799E0056AB9D /* Login.swift */ = {isa = PBXFileReference; lastKnownFileType = sourcecode.swift; path = Login.swift; sourceTree = "<group>"; };
		71A7EC39219179DB0056AB9D /* Promotions.swift */ = {isa = PBXFileReference; lastKnownFileType = sourcecode.swift; path = Promotions.swift; sourceTree = "<group>"; };
		71A7EC3B21917C960056AB9D /* PromotionsCollectionViewCell.swift */ = {isa = PBXFileReference; lastKnownFileType = sourcecode.swift; path = PromotionsCollectionViewCell.swift; sourceTree = "<group>"; };
		71A7EC3C21917C960056AB9D /* PromotionsCollectionViewCell.xib */ = {isa = PBXFileReference; lastKnownFileType = file.xib; path = PromotionsCollectionViewCell.xib; sourceTree = "<group>"; };
		71A7EC3F219181040056AB9D /* PromotionsNavigationController.swift */ = {isa = PBXFileReference; lastKnownFileType = sourcecode.swift; path = PromotionsNavigationController.swift; sourceTree = "<group>"; };
		71A94B452191862F00F8094F /* MapViewController.swift */ = {isa = PBXFileReference; lastKnownFileType = sourcecode.swift; path = MapViewController.swift; sourceTree = "<group>"; };
		71A94B4A219188D300F8094F /* PromotionsDetailViewController.swift */ = {isa = PBXFileReference; lastKnownFileType = sourcecode.swift; name = PromotionsDetailViewController.swift; path = CapitalSocial/Sections/Map/PromotionsDetailViewController.swift; sourceTree = SOURCE_ROOT; };
		71C9872621910F3A00891C7A /* CapitalSocial.app */ = {isa = PBXFileReference; explicitFileType = wrapper.application; includeInIndex = 0; path = CapitalSocial.app; sourceTree = BUILT_PRODUCTS_DIR; };
		71C9872921910F3A00891C7A /* AppDelegate.swift */ = {isa = PBXFileReference; lastKnownFileType = sourcecode.swift; path = AppDelegate.swift; sourceTree = "<group>"; };
		71C9872B21910F3A00891C7A /* ViewController.swift */ = {isa = PBXFileReference; lastKnownFileType = sourcecode.swift; path = ViewController.swift; sourceTree = "<group>"; };
		71C9872E21910F3A00891C7A /* Base */ = {isa = PBXFileReference; lastKnownFileType = file.storyboard; name = Base; path = Base.lproj/Main.storyboard; sourceTree = "<group>"; };
		71C9873021910F4200891C7A /* Assets.xcassets */ = {isa = PBXFileReference; lastKnownFileType = folder.assetcatalog; path = Assets.xcassets; sourceTree = "<group>"; };
		71C9873321910F4200891C7A /* Base */ = {isa = PBXFileReference; lastKnownFileType = file.storyboard; name = Base; path = Base.lproj/LaunchScreen.storyboard; sourceTree = "<group>"; };
		71C9873521910F4200891C7A /* Info.plist */ = {isa = PBXFileReference; lastKnownFileType = text.plist.xml; path = Info.plist; sourceTree = "<group>"; };
		71C987402191133100891C7A /* CSError.swift */ = {isa = PBXFileReference; fileEncoding = 4; lastKnownFileType = sourcecode.swift; path = CSError.swift; sourceTree = "<group>"; };
		71C98743219113A500891C7A /* CSColor.swift */ = {isa = PBXFileReference; fileEncoding = 4; lastKnownFileType = sourcecode.swift; path = CSColor.swift; sourceTree = "<group>"; };
		71C98744219113A500891C7A /* BCString.swift */ = {isa = PBXFileReference; fileEncoding = 4; lastKnownFileType = sourcecode.swift; path = BCString.swift; sourceTree = "<group>"; };
		71C9874721911A5200891C7A /* CSConstants.swift */ = {isa = PBXFileReference; lastKnownFileType = sourcecode.swift; path = CSConstants.swift; sourceTree = "<group>"; };
		71C9874A21911B4700891C7A /* Date.swift */ = {isa = PBXFileReference; fileEncoding = 4; lastKnownFileType = sourcecode.swift; path = Date.swift; sourceTree = "<group>"; };
		71C9874B21911B4700891C7A /* UIView.swift */ = {isa = PBXFileReference; fileEncoding = 4; lastKnownFileType = sourcecode.swift; path = UIView.swift; sourceTree = "<group>"; };
		71C9874C21911B4700891C7A /* Storyboard.swift */ = {isa = PBXFileReference; fileEncoding = 4; lastKnownFileType = sourcecode.swift; path = Storyboard.swift; sourceTree = "<group>"; };
		71C9875021911BFB00891C7A /* LoginViewViewController.swift */ = {isa = PBXFileReference; lastKnownFileType = sourcecode.swift; path = LoginViewViewController.swift; sourceTree = "<group>"; };
/* End PBXFileReference section */

/* Begin PBXFrameworksBuildPhase section */
		71C9872321910F3A00891C7A /* Frameworks */ = {
			isa = PBXFrameworksBuildPhase;
			buildActionMask = 2147483647;
			files = (
				25A4B8D06918797F4E1D0167 /* Pods_CapitalSocial.framework in Frameworks */,
			);
			runOnlyForDeploymentPostprocessing = 0;
		};
/* End PBXFrameworksBuildPhase section */

/* Begin PBXGroup section */
		2CA6AC6EE88D00EB4178E715 /* Frameworks */ = {
			isa = PBXGroup;
			children = (
				1D9E26EF644C6C896A580E9C /* Pods_CapitalSocial.framework */,
			);
			name = Frameworks;
			sourceTree = "<group>";
		};
		71A7EC0C21915CA50056AB9D /* Netwoking */ = {
			isa = PBXGroup;
			children = (
				71A7EC0D21915CA50056AB9D /* Routers */,
				71A7EC1021915CA50056AB9D /* CSAPI+UserRouter.swift */,
				71A7EC1121915CA50056AB9D /* CSAPI.swift */,
			);
			path = Netwoking;
			sourceTree = "<group>";
		};
		71A7EC0D21915CA50056AB9D /* Routers */ = {
			isa = PBXGroup;
			children = (
				71A7EC0E21915CA50056AB9D /* UserRouter.swift */,
				71A7EC0F21915CA50056AB9D /* Router.swift */,
			);
			path = Routers;
			sourceTree = "<group>";
		};
		71A7EC19219165FC0056AB9D /* Sections */ = {
			isa = PBXGroup;
			children = (
				71A94B49219188B800F8094F /* Promotions */,
				71A94B442191860200F8094F /* Map */,
				71A7EC1A219166030056AB9D /* Login */,
			);
			path = Sections;
			sourceTree = "<group>";
		};
		71A7EC1A219166030056AB9D /* Login */ = {
			isa = PBXGroup;
			children = (
				71A7EC332191798A0056AB9D /* Model */,
				71A7EC1D219166240056AB9D /* ViewModel */,
				71A7EC1B219166100056AB9D /* View */,
			);
			path = Login;
			sourceTree = "<group>";
		};
		71A7EC1B219166100056AB9D /* View */ = {
			isa = PBXGroup;
			children = (
				71C9875021911BFB00891C7A /* LoginViewViewController.swift */,
			);
			path = View;
			sourceTree = "<group>";
		};
		71A7EC1D219166240056AB9D /* ViewModel */ = {
			isa = PBXGroup;
			children = (
				71A7EC16219160BD0056AB9D /* LoginViewModel.swift */,
			);
			path = ViewModel;
			sourceTree = "<group>";
		};
		71A7EC1F2191663E0056AB9D /* Common */ = {
			isa = PBXGroup;
			children = (
				71A7EC20219166540056AB9D /* BaseProtocol.swift */,
			);
			path = Common;
			sourceTree = "<group>";
		};
		71A7EC22219167130056AB9D /* Utils */ = {
			isa = PBXGroup;
			children = (
				71A7EC23219167130056AB9D /* InformerView */,
				71A7EC26219167130056AB9D /* CSPickerDate.swift */,
				71A7EC27219167130056AB9D /* CSLoader.swift */,
			);
			path = Utils;
			sourceTree = "<group>";
		};
		71A7EC23219167130056AB9D /* InformerView */ = {
			isa = PBXGroup;
			children = (
				71A7EC24219167130056AB9D /* GenericMaskView.swift */,
				71A7EC25219167130056AB9D /* InformerView.swift */,
			);
			path = InformerView;
			sourceTree = "<group>";
		};
		71A7EC2E2191780F0056AB9D /* Promotions */ = {
			isa = PBXGroup;
			children = (
				71A7EC38219179CF0056AB9D /* Model */,
				71A7EC36219179BF0056AB9D /* ViewModel */,
				71A7EC37219179C70056AB9D /* View */,
			);
			path = Promotions;
			sourceTree = "<group>";
		};
		71A7EC332191798A0056AB9D /* Model */ = {
			isa = PBXGroup;
			children = (
				71A7EC342191799E0056AB9D /* Login.swift */,
			);
			path = Model;
			sourceTree = "<group>";
		};
		71A7EC36219179BF0056AB9D /* ViewModel */ = {
			isa = PBXGroup;
			children = (
				71A7EC2F219178590056AB9D /* PromotionsViewModel.swift */,
			);
			path = ViewModel;
			sourceTree = "<group>";
		};
		71A7EC37219179C70056AB9D /* View */ = {
			isa = PBXGroup;
			children = (
				71A7EC31219178A60056AB9D /* PromotionsCollectionViewController.swift */,
				71A7EC3F219181040056AB9D /* PromotionsNavigationController.swift */,
				71A7EC3B21917C960056AB9D /* PromotionsCollectionViewCell.swift */,
				71A7EC3C21917C960056AB9D /* PromotionsCollectionViewCell.xib */,
			);
			path = View;
			sourceTree = "<group>";
		};
		71A7EC38219179CF0056AB9D /* Model */ = {
			isa = PBXGroup;
			children = (
				71A7EC39219179DB0056AB9D /* Promotions.swift */,
			);
			path = Model;
			sourceTree = "<group>";
		};
		71A94B442191860200F8094F /* Map */ = {
			isa = PBXGroup;
			children = (
				71A94B452191862F00F8094F /* MapViewController.swift */,
			);
			path = Map;
			sourceTree = "<group>";
		};
		71A94B472191889000F8094F /* PromotionsDetail */ = {
			isa = PBXGroup;
			children = (
				71A94B4A219188D300F8094F /* PromotionsDetailViewController.swift */,
			);
			path = PromotionsDetail;
			sourceTree = "<group>";
		};
		71A94B49219188B800F8094F /* Promotions */ = {
			isa = PBXGroup;
			children = (
				71A94B472191889000F8094F /* PromotionsDetail */,
				71A7EC2E2191780F0056AB9D /* Promotions */,
			);
			path = Promotions;
			sourceTree = "<group>";
		};
		71C9871D21910F3A00891C7A = {
			isa = PBXGroup;
			children = (
				71C9872821910F3A00891C7A /* CapitalSocial */,
				71C9872721910F3A00891C7A /* Products */,
				F396B092BB30C7B8F627C341 /* Pods */,
				2CA6AC6EE88D00EB4178E715 /* Frameworks */,
			);
			sourceTree = "<group>";
		};
		71C9872721910F3A00891C7A /* Products */ = {
			isa = PBXGroup;
			children = (
				71C9872621910F3A00891C7A /* CapitalSocial.app */,
			);
			name = Products;
			sourceTree = "<group>";
		};
		71C9872821910F3A00891C7A /* CapitalSocial */ = {
			isa = PBXGroup;
			children = (
				71C9872921910F3A00891C7A /* AppDelegate.swift */,
				71A7EC22219167130056AB9D /* Utils */,
				71A7EC1F2191663E0056AB9D /* Common */,
				71A7EC0C21915CA50056AB9D /* Netwoking */,
				71C9874921911B4700891C7A /* Extensions */,
				71C987422191139200891C7A /* Resources */,
				71C9873F2191132200891C7A /* Error */,
				71C9872B21910F3A00891C7A /* ViewController.swift */,
				71A7EC19219165FC0056AB9D /* Sections */,
				71C9872D21910F3A00891C7A /* Main.storyboard */,
				71C9873021910F4200891C7A /* Assets.xcassets */,
				71C9873221910F4200891C7A /* LaunchScreen.storyboard */,
				71C9873521910F4200891C7A /* Info.plist */,
			);
			path = CapitalSocial;
			sourceTree = "<group>";
		};
		71C9873F2191132200891C7A /* Error */ = {
			isa = PBXGroup;
			children = (
				71C987402191133100891C7A /* CSError.swift */,
			);
			path = Error;
			sourceTree = "<group>";
		};
		71C987422191139200891C7A /* Resources */ = {
			isa = PBXGroup;
			children = (
				71A7EC2C2191672E0056AB9D /* GenericMaskView.xib */,
				71C98743219113A500891C7A /* CSColor.swift */,
				71C9874721911A5200891C7A /* CSConstants.swift */,
				71C98744219113A500891C7A /* BCString.swift */,
			);
			path = Resources;
			sourceTree = "<group>";
		};
		71C9874921911B4700891C7A /* Extensions */ = {
			isa = PBXGroup;
			children = (
				71C9874A21911B4700891C7A /* Date.swift */,
				71C9874B21911B4700891C7A /* UIView.swift */,
				71C9874C21911B4700891C7A /* Storyboard.swift */,
			);
			path = Extensions;
			sourceTree = "<group>";
		};
		F396B092BB30C7B8F627C341 /* Pods */ = {
			isa = PBXGroup;
			children = (
				2052F94A23A0D77FB394F6C8 /* Pods-CapitalSocial.debug.xcconfig */,
				4A6AFEE579BA5903CF1A4E0C /* Pods-CapitalSocial.release.xcconfig */,
			);
			name = Pods;
			sourceTree = "<group>";
		};
/* End PBXGroup section */

/* Begin PBXNativeTarget section */
		71C9872521910F3A00891C7A /* CapitalSocial */ = {
			isa = PBXNativeTarget;
			buildConfigurationList = 71C9873821910F4200891C7A /* Build configuration list for PBXNativeTarget "CapitalSocial" */;
			buildPhases = (
				167CBB029319BD00D03762C5 /* [CP] Check Pods Manifest.lock */,
				71C9872221910F3A00891C7A /* Sources */,
				71C9872321910F3A00891C7A /* Frameworks */,
				71C9872421910F3A00891C7A /* Resources */,
				396B3DF4DC4C8A4AAAB1937F /* [CP] Embed Pods Frameworks */,
			);
			buildRules = (
			);
			dependencies = (
			);
			name = CapitalSocial;
			productName = CapitalSocial;
			productReference = 71C9872621910F3A00891C7A /* CapitalSocial.app */;
			productType = "com.apple.product-type.application";
		};
/* End PBXNativeTarget section */

/* Begin PBXProject section */
		71C9871E21910F3A00891C7A /* Project object */ = {
			isa = PBXProject;
			attributes = {
				LastSwiftUpdateCheck = 1010;
				LastUpgradeCheck = 1010;
				ORGANIZATIONNAME = "Miguel angel olmedo perez";
				TargetAttributes = {
					71C9872521910F3A00891C7A = {
						CreatedOnToolsVersion = 10.1;
					};
				};
			};
			buildConfigurationList = 71C9872121910F3A00891C7A /* Build configuration list for PBXProject "CapitalSocial" */;
			compatibilityVersion = "Xcode 9.3";
			developmentRegion = en;
			hasScannedForEncodings = 0;
			knownRegions = (
				en,
				Base,
			);
			mainGroup = 71C9871D21910F3A00891C7A;
			productRefGroup = 71C9872721910F3A00891C7A /* Products */;
			projectDirPath = "";
			projectRoot = "";
			targets = (
				71C9872521910F3A00891C7A /* CapitalSocial */,
			);
		};
/* End PBXProject section */

/* Begin PBXResourcesBuildPhase section */
		71C9872421910F3A00891C7A /* Resources */ = {
			isa = PBXResourcesBuildPhase;
			buildActionMask = 2147483647;
			files = (
				71A7EC2D2191672E0056AB9D /* GenericMaskView.xib in Resources */,
				71C9873421910F4200891C7A /* LaunchScreen.storyboard in Resources */,
				71A7EC3E21917C960056AB9D /* PromotionsCollectionViewCell.xib in Resources */,
				71C9873121910F4200891C7A /* Assets.xcassets in Resources */,
				71C9872F21910F3A00891C7A /* Main.storyboard in Resources */,
			);
			runOnlyForDeploymentPostprocessing = 0;
		};
/* End PBXResourcesBuildPhase section */

/* Begin PBXShellScriptBuildPhase section */
		167CBB029319BD00D03762C5 /* [CP] Check Pods Manifest.lock */ = {
			isa = PBXShellScriptBuildPhase;
			buildActionMask = 2147483647;
			files = (
			);
			inputPaths = (
				"${PODS_PODFILE_DIR_PATH}/Podfile.lock",
				"${PODS_ROOT}/Manifest.lock",
			);
			name = "[CP] Check Pods Manifest.lock";
			outputPaths = (
				"$(DERIVED_FILE_DIR)/Pods-CapitalSocial-checkManifestLockResult.txt",
			);
			runOnlyForDeploymentPostprocessing = 0;
			shellPath = /bin/sh;
			shellScript = "diff \"${PODS_PODFILE_DIR_PATH}/Podfile.lock\" \"${PODS_ROOT}/Manifest.lock\" > /dev/null\nif [ $? != 0 ] ; then\n    # print error to STDERR\n    echo \"error: The sandbox is not in sync with the Podfile.lock. Run 'pod install' or update your CocoaPods installation.\" >&2\n    exit 1\nfi\n# This output is used by Xcode 'outputs' to avoid re-running this script phase.\necho \"SUCCESS\" > \"${SCRIPT_OUTPUT_FILE_0}\"\n";
			showEnvVarsInLog = 0;
		};
		396B3DF4DC4C8A4AAAB1937F /* [CP] Embed Pods Frameworks */ = {
			isa = PBXShellScriptBuildPhase;
			buildActionMask = 2147483647;
			files = (
			);
			inputPaths = (
				"${SRCROOT}/Pods/Target Support Files/Pods-CapitalSocial/Pods-CapitalSocial-frameworks.sh",
				"${BUILT_PRODUCTS_DIR}/Alamofire/Alamofire.framework",
				"${BUILT_PRODUCTS_DIR}/AlamofireObjectMapper/AlamofireObjectMapper.framework",
				"${BUILT_PRODUCTS_DIR}/ObjectMapper/ObjectMapper.framework",
				"${BUILT_PRODUCTS_DIR}/QRCodeReader.swift/QRCodeReader.framework",
				"${BUILT_PRODUCTS_DIR}/Realm/Realm.framework",
				"${BUILT_PRODUCTS_DIR}/RealmSwift/RealmSwift.framework",
			);
			name = "[CP] Embed Pods Frameworks";
			outputPaths = (
				"${TARGET_BUILD_DIR}/${FRAMEWORKS_FOLDER_PATH}/Alamofire.framework",
				"${TARGET_BUILD_DIR}/${FRAMEWORKS_FOLDER_PATH}/AlamofireObjectMapper.framework",
				"${TARGET_BUILD_DIR}/${FRAMEWORKS_FOLDER_PATH}/ObjectMapper.framework",
				"${TARGET_BUILD_DIR}/${FRAMEWORKS_FOLDER_PATH}/QRCodeReader.framework",
				"${TARGET_BUILD_DIR}/${FRAMEWORKS_FOLDER_PATH}/Realm.framework",
				"${TARGET_BUILD_DIR}/${FRAMEWORKS_FOLDER_PATH}/RealmSwift.framework",
			);
			runOnlyForDeploymentPostprocessing = 0;
			shellPath = /bin/sh;
			shellScript = "\"${SRCROOT}/Pods/Target Support Files/Pods-CapitalSocial/Pods-CapitalSocial-frameworks.sh\"\n";
			showEnvVarsInLog = 0;
		};
/* End PBXShellScriptBuildPhase section */

/* Begin PBXSourcesBuildPhase section */
		71C9872221910F3A00891C7A /* Sources */ = {
			isa = PBXSourcesBuildPhase;
			buildActionMask = 2147483647;
			files = (
				71A7EC28219167130056AB9D /* GenericMaskView.swift in Sources */,
				71C9874E21911B4700891C7A /* UIView.swift in Sources */,
				71A7EC1521915CA60056AB9D /* CSAPI.swift in Sources */,
				71A94B4B219188D300F8094F /* PromotionsDetailViewController.swift in Sources */,
				71A7EC1221915CA60056AB9D /* UserRouter.swift in Sources */,
				71C98745219113A500891C7A /* CSColor.swift in Sources */,
				71C987412191133100891C7A /* CSError.swift in Sources */,
				71A7EC1321915CA60056AB9D /* Router.swift in Sources */,
				71C9874D21911B4700891C7A /* Date.swift in Sources */,
				71A7EC32219178A60056AB9D /* PromotionsCollectionViewController.swift in Sources */,
				71A7EC29219167130056AB9D /* InformerView.swift in Sources */,
				71A7EC2B219167130056AB9D /* CSLoader.swift in Sources */,
				71A7EC2A219167130056AB9D /* CSPickerDate.swift in Sources */,
				71C9872C21910F3A00891C7A /* ViewController.swift in Sources */,
				71A7EC17219160BD0056AB9D /* LoginViewModel.swift in Sources */,
				71C98746219113A500891C7A /* BCString.swift in Sources */,
				71A7EC30219178590056AB9D /* PromotionsViewModel.swift in Sources */,
				71A7EC21219166540056AB9D /* BaseProtocol.swift in Sources */,
				71A7EC352191799E0056AB9D /* Login.swift in Sources */,
				71C9872A21910F3A00891C7A /* AppDelegate.swift in Sources */,
				71C9875121911BFB00891C7A /* LoginViewViewController.swift in Sources */,
				71C9874F21911B4700891C7A /* Storyboard.swift in Sources */,
				71A7EC3A219179DB0056AB9D /* Promotions.swift in Sources */,
				71A94B462191862F00F8094F /* MapViewController.swift in Sources */,
				71A7EC3D21917C960056AB9D /* PromotionsCollectionViewCell.swift in Sources */,
				71A7EC1421915CA60056AB9D /* CSAPI+UserRouter.swift in Sources */,
				71A7EC40219181040056AB9D /* PromotionsNavigationController.swift in Sources */,
				71C9874821911A5200891C7A /* CSConstants.swift in Sources */,
			);
			runOnlyForDeploymentPostprocessing = 0;
		};
/* End PBXSourcesBuildPhase section */

/* Begin PBXVariantGroup section */
		71C9872D21910F3A00891C7A /* Main.storyboard */ = {
			isa = PBXVariantGroup;
			children = (
				71C9872E21910F3A00891C7A /* Base */,
			);
			name = Main.storyboard;
			sourceTree = "<group>";
		};
		71C9873221910F4200891C7A /* LaunchScreen.storyboard */ = {
			isa = PBXVariantGroup;
			children = (
				71C9873321910F4200891C7A /* Base */,
			);
			name = LaunchScreen.storyboard;
			sourceTree = "<group>";
		};
/* End PBXVariantGroup section */

/* Begin XCBuildConfiguration section */
		71C9873621910F4200891C7A /* Debug */ = {
			isa = XCBuildConfiguration;
			buildSettings = {
				ALWAYS_SEARCH_USER_PATHS = NO;
				CLANG_ANALYZER_NONNULL = YES;
				CLANG_ANALYZER_NUMBER_OBJECT_CONVERSION = YES_AGGRESSIVE;
				CLANG_CXX_LANGUAGE_STANDARD = "gnu++14";
				CLANG_CXX_LIBRARY = "libc++";
				CLANG_ENABLE_MODULES = YES;
				CLANG_ENABLE_OBJC_ARC = YES;
				CLANG_ENABLE_OBJC_WEAK = YES;
				CLANG_WARN_BLOCK_CAPTURE_AUTORELEASING = YES;
				CLANG_WARN_BOOL_CONVERSION = YES;
				CLANG_WARN_COMMA = YES;
				CLANG_WARN_CONSTANT_CONVERSION = YES;
				CLANG_WARN_DEPRECATED_OBJC_IMPLEMENTATIONS = YES;
				CLANG_WARN_DIRECT_OBJC_ISA_USAGE = YES_ERROR;
				CLANG_WARN_DOCUMENTATION_COMMENTS = YES;
				CLANG_WARN_EMPTY_BODY = YES;
				CLANG_WARN_ENUM_CONVERSION = YES;
				CLANG_WARN_INFINITE_RECURSION = YES;
				CLANG_WARN_INT_CONVERSION = YES;
				CLANG_WARN_NON_LITERAL_NULL_CONVERSION = YES;
				CLANG_WARN_OBJC_IMPLICIT_RETAIN_SELF = YES;
				CLANG_WARN_OBJC_LITERAL_CONVERSION = YES;
				CLANG_WARN_OBJC_ROOT_CLASS = YES_ERROR;
				CLANG_WARN_RANGE_LOOP_ANALYSIS = YES;
				CLANG_WARN_STRICT_PROTOTYPES = YES;
				CLANG_WARN_SUSPICIOUS_MOVE = YES;
				CLANG_WARN_UNGUARDED_AVAILABILITY = YES_AGGRESSIVE;
				CLANG_WARN_UNREACHABLE_CODE = YES;
				CLANG_WARN__DUPLICATE_METHOD_MATCH = YES;
				CODE_SIGN_IDENTITY = "iPhone Developer";
				COPY_PHASE_STRIP = NO;
				DEBUG_INFORMATION_FORMAT = dwarf;
				ENABLE_STRICT_OBJC_MSGSEND = YES;
				ENABLE_TESTABILITY = YES;
				GCC_C_LANGUAGE_STANDARD = gnu11;
				GCC_DYNAMIC_NO_PIC = NO;
				GCC_NO_COMMON_BLOCKS = YES;
				GCC_OPTIMIZATION_LEVEL = 0;
				GCC_PREPROCESSOR_DEFINITIONS = (
					"DEBUG=1",
					"$(inherited)",
				);
				GCC_WARN_64_TO_32_BIT_CONVERSION = YES;
				GCC_WARN_ABOUT_RETURN_TYPE = YES_ERROR;
				GCC_WARN_UNDECLARED_SELECTOR = YES;
				GCC_WARN_UNINITIALIZED_AUTOS = YES_AGGRESSIVE;
				GCC_WARN_UNUSED_FUNCTION = YES;
				GCC_WARN_UNUSED_VARIABLE = YES;
				IPHONEOS_DEPLOYMENT_TARGET = 12.1;
				MTL_ENABLE_DEBUG_INFO = INCLUDE_SOURCE;
				MTL_FAST_MATH = YES;
				ONLY_ACTIVE_ARCH = YES;
				SDKROOT = iphoneos;
				SWIFT_ACTIVE_COMPILATION_CONDITIONS = DEBUG;
				SWIFT_OPTIMIZATION_LEVEL = "-Onone";
			};
			name = Debug;
		};
		71C9873721910F4200891C7A /* Release */ = {
			isa = XCBuildConfiguration;
			buildSettings = {
				ALWAYS_SEARCH_USER_PATHS = NO;
				CLANG_ANALYZER_NONNULL = YES;
				CLANG_ANALYZER_NUMBER_OBJECT_CONVERSION = YES_AGGRESSIVE;
				CLANG_CXX_LANGUAGE_STANDARD = "gnu++14";
				CLANG_CXX_LIBRARY = "libc++";
				CLANG_ENABLE_MODULES = YES;
				CLANG_ENABLE_OBJC_ARC = YES;
				CLANG_ENABLE_OBJC_WEAK = YES;
				CLANG_WARN_BLOCK_CAPTURE_AUTORELEASING = YES;
				CLANG_WARN_BOOL_CONVERSION = YES;
				CLANG_WARN_COMMA = YES;
				CLANG_WARN_CONSTANT_CONVERSION = YES;
				CLANG_WARN_DEPRECATED_OBJC_IMPLEMENTATIONS = YES;
				CLANG_WARN_DIRECT_OBJC_ISA_USAGE = YES_ERROR;
				CLANG_WARN_DOCUMENTATION_COMMENTS = YES;
				CLANG_WARN_EMPTY_BODY = YES;
				CLANG_WARN_ENUM_CONVERSION = YES;
				CLANG_WARN_INFINITE_RECURSION = YES;
				CLANG_WARN_INT_CONVERSION = YES;
				CLANG_WARN_NON_LITERAL_NULL_CONVERSION = YES;
				CLANG_WARN_OBJC_IMPLICIT_RETAIN_SELF = YES;
				CLANG_WARN_OBJC_LITERAL_CONVERSION = YES;
				CLANG_WARN_OBJC_ROOT_CLASS = YES_ERROR;
				CLANG_WARN_RANGE_LOOP_ANALYSIS = YES;
				CLANG_WARN_STRICT_PROTOTYPES = YES;
				CLANG_WARN_SUSPICIOUS_MOVE = YES;
				CLANG_WARN_UNGUARDED_AVAILABILITY = YES_AGGRESSIVE;
				CLANG_WARN_UNREACHABLE_CODE = YES;
				CLANG_WARN__DUPLICATE_METHOD_MATCH = YES;
				CODE_SIGN_IDENTITY = "iPhone Developer";
				COPY_PHASE_STRIP = NO;
				DEBUG_INFORMATION_FORMAT = "dwarf-with-dsym";
				ENABLE_NS_ASSERTIONS = NO;
				ENABLE_STRICT_OBJC_MSGSEND = YES;
				GCC_C_LANGUAGE_STANDARD = gnu11;
				GCC_NO_COMMON_BLOCKS = YES;
				GCC_WARN_64_TO_32_BIT_CONVERSION = YES;
				GCC_WARN_ABOUT_RETURN_TYPE = YES_ERROR;
				GCC_WARN_UNDECLARED_SELECTOR = YES;
				GCC_WARN_UNINITIALIZED_AUTOS = YES_AGGRESSIVE;
				GCC_WARN_UNUSED_FUNCTION = YES;
				GCC_WARN_UNUSED_VARIABLE = YES;
				IPHONEOS_DEPLOYMENT_TARGET = 12.1;
				MTL_ENABLE_DEBUG_INFO = NO;
				MTL_FAST_MATH = YES;
				SDKROOT = iphoneos;
				SWIFT_COMPILATION_MODE = wholemodule;
				SWIFT_OPTIMIZATION_LEVEL = "-O";
				VALIDATE_PRODUCT = YES;
			};
			name = Release;
		};
		71C9873921910F4200891C7A /* Debug */ = {
			isa = XCBuildConfiguration;
			baseConfigurationReference = 2052F94A23A0D77FB394F6C8 /* Pods-CapitalSocial.debug.xcconfig */;
			buildSettings = {
				ASSETCATALOG_COMPILER_APPICON_NAME = AppIcon;
				CODE_SIGN_STYLE = Automatic;
				DEVELOPMENT_TEAM = 7U69X8G25P;
				INFOPLIST_FILE = CapitalSocial/Info.plist;
				IPHONEOS_DEPLOYMENT_TARGET = 9.0;
				LD_RUNPATH_SEARCH_PATHS = (
					"$(inherited)",
					"@executable_path/Frameworks",
				);
				PRODUCT_BUNDLE_IDENTIFIER = com.test.CapitalSocial;
				PRODUCT_NAME = "$(TARGET_NAME)";
				SWIFT_VERSION = 4.2;
				TARGETED_DEVICE_FAMILY = "1,2";
			};
			name = Debug;
		};
		71C9873A21910F4200891C7A /* Release */ = {
			isa = XCBuildConfiguration;
			baseConfigurationReference = 4A6AFEE579BA5903CF1A4E0C /* Pods-CapitalSocial.release.xcconfig */;
			buildSettings = {
				ASSETCATALOG_COMPILER_APPICON_NAME = AppIcon;
				CODE_SIGN_STYLE = Automatic;
				DEVELOPMENT_TEAM = 7U69X8G25P;
				INFOPLIST_FILE = CapitalSocial/Info.plist;
				IPHONEOS_DEPLOYMENT_TARGET = 9.0;
				LD_RUNPATH_SEARCH_PATHS = (
					"$(inherited)",
					"@executable_path/Frameworks",
				);
				PRODUCT_BUNDLE_IDENTIFIER = com.test.CapitalSocial;
				PRODUCT_NAME = "$(TARGET_NAME)";
				SWIFT_VERSION = 4.2;
				TARGETED_DEVICE_FAMILY = "1,2";
			};
			name = Release;
		};
/* End XCBuildConfiguration section */

/* Begin XCConfigurationList section */
		71C9872121910F3A00891C7A /* Build configuration list for PBXProject "CapitalSocial" */ = {
			isa = XCConfigurationList;
			buildConfigurations = (
				71C9873621910F4200891C7A /* Debug */,
				71C9873721910F4200891C7A /* Release */,
			);
			defaultConfigurationIsVisible = 0;
			defaultConfigurationName = Release;
		};
		71C9873821910F4200891C7A /* Build configuration list for PBXNativeTarget "CapitalSocial" */ = {
			isa = XCConfigurationList;
			buildConfigurations = (
				71C9873921910F4200891C7A /* Debug */,
				71C9873A21910F4200891C7A /* Release */,
			);
			defaultConfigurationIsVisible = 0;
			defaultConfigurationName = Release;
		};
/* End XCConfigurationList section */
	};
	rootObject = 71C9871E21910F3A00891C7A /* Project object */;
}
